
Microsoft Visual Studio Solution File, Format Version 12.00
# Visual Studio Version 17
VisualStudioVersion = 17.12.35514.174 d17.12
MinimumVisualStudioVersion = 10.0.40219.1
Project("{FAE04EC0-301F-11D3-BF4B-00C04F79EFBC}") = "Calificaciones_While", "Calificaciones_While\Calificaciones_While.csproj", "{3F00F806-22F7-4AD6-965A-A1AD7F33EBE6}"
EndProject
Project("{FAE04EC0-301F-11D3-BF4B-00C04F79EFBC}") = "Nomina_While", "Nomina_While\Nomina_While.csproj", "{8AF298F4-6672-4AA5-BA44-3E521D419164}"
EndProject
Global
	GlobalSection(SolutionConfigurationPlatforms) = preSolution
		Debug|Any CPU = Debug|Any CPU
		Release|Any CPU = Release|Any CPU
	EndGlobalSection
	GlobalSection(ProjectConfigurationPlatforms) = postSolution
		{3F00F806-22F7-4AD6-965A-A1AD7F33EBE6}.Debug|Any CPU.ActiveCfg = Debug|Any CPU
		{3F00F806-22F7-4AD6-965A-A1AD7F33EBE6}.Debug|Any CPU.Build.0 = Debug|Any CPU
		{3F00F806-22F7-4AD6-965A-A1AD7F33EBE6}.Release|Any CPU.ActiveCfg = Release|Any CPU
		{3F00F806-22F7-4AD6-965A-A1AD7F33EBE6}.Release|Any CPU.Build.0 = Release|Any CPU
		{8AF298F4-6672-4AA5-BA44-3E521D419164}.Debug|Any CPU.ActiveCfg = Debug|Any CPU
		{8AF298F4-6672-4AA5-BA44-3E521D419164}.Debug|Any CPU.Build.0 = Debug|Any CPU
		{8AF298F4-6672-4AA5-BA44-3E521D419164}.Release|Any CPU.ActiveCfg = Release|Any CPU
		{8AF298F4-6672-4AA5-BA44-3E521D419164}.Release|Any CPU.Build.0 = Release|Any CPU
	EndGlobalSection
	GlobalSection(SolutionProperties) = preSolution
		HideSolutionNode = FALSE
	EndGlobalSection
EndGlobal
